
Microsoft Visual Studio Solution File, Format Version 12.00
# Visual Studio Version 16
VisualStudioVersion = 16.0.30717.126
MinimumVisualStudioVersion = 10.0.40219.1
Project("{FAE04EC0-301F-11D3-BF4B-00C04F79EFBC}") = "Bopz", "Bopz.csproj", "{F329DB6D-7E79-478D-B710-B3B720D192F0}"
EndProject
Global
	GlobalSection(SolutionConfigurationPlatforms) = preSolution
		Debug|Any CPU = Debug|Any CPU
		Release|Any CPU = Release|Any CPU
	EndGlobalSection
	GlobalSection(ProjectConfigurationPlatforms) = postSolution
		{F329DB6D-7E79-478D-B710-B3B720D192F0}.Debug|Any CPU.ActiveCfg = Debug|Any CPU
		{F329DB6D-7E79-478D-B710-B3B720D192F0}.Debug|Any CPU.Build.0 = Debug|Any CPU
		{F329DB6D-7E79-478D-B710-B3B720D192F0}.Release|Any CPU.ActiveCfg = Release|Any CPU
		{F329DB6D-7E79-478D-B710-B3B720D192F0}.Release|Any CPU.Build.0 = Release|Any CPU
	EndGlobalSection
	GlobalSection(SolutionProperties) = preSolution
		HideSolutionNode = FALSE
	EndGlobalSection
	GlobalSection(ExtensibilityGlobals) = postSolution
		SolutionGuid = {00A43563-EFFD-4C85-8F16-DC558B3AA73C}
	EndGlobalSection
EndGlobal
